
Microsoft Visual Studio Solution File, Format Version 12.00
# Visual Studio 2013
VisualStudioVersion = 12.0.31101.0
MinimumVisualStudioVersion = 10.0.40219.1
Project("{FAE04EC0-301F-11D3-BF4B-00C04F79EFBC}") = "YourRoadSafety", "YourRoadSafety\YourRoadSafety.csproj", "{D5B6DC4F-0B63-4270-B27F-3E28A87B9830}"
EndProject
Global
	GlobalSection(SolutionConfigurationPlatforms) = preSolution
		Debug|Any CPU = Debug|Any CPU
		Release|Any CPU = Release|Any CPU
	EndGlobalSection
	GlobalSection(ProjectConfigurationPlatforms) = postSolution
		{D5B6DC4F-0B63-4270-B27F-3E28A87B9830}.Debug|Any CPU.ActiveCfg = Debug|Any CPU
		{D5B6DC4F-0B63-4270-B27F-3E28A87B9830}.Debug|Any CPU.Build.0 = Debug|Any CPU
		{D5B6DC4F-0B63-4270-B27F-3E28A87B9830}.Release|Any CPU.ActiveCfg = Release|Any CPU
		{D5B6DC4F-0B63-4270-B27F-3E28A87B9830}.Release|Any CPU.Build.0 = Release|Any CPU
	EndGlobalSection
	GlobalSection(SolutionProperties) = preSolution
		HideSolutionNode = FALSE
	EndGlobalSection
EndGlobal
